
Microsoft Visual Studio Solution File, Format Version 12.00
# Visual Studio 15
VisualStudioVersion = 15.0.28010.2041
MinimumVisualStudioVersion = 10.0.40219.1
Project("{9A19103F-16F7-4668-BE54-9A1E7A4F7556}") = "HiProgram", "HiProgram\HiProgram.csproj", "{984E7C4E-4011-432E-BC14-2BE19CB47312}"
EndProject
Project("{9A19103F-16F7-4668-BE54-9A1E7A4F7556}") = "AgeAfter10Years", "AgeAfter10Years\AgeAfter10Years.csproj", "{8BA60FF8-F193-43FF-A9C1-E2FA2CB499F7}"
EndProject
Project("{9A19103F-16F7-4668-BE54-9A1E7A4F7556}") = "TheUniqueNumber", "TheUniqueNumber\TheUniqueNumber.csproj", "{E5176368-DFF6-4725-A559-3DE1CB631A1B}"
EndProject
Project("{9A19103F-16F7-4668-BE54-9A1E7A4F7556}") = "TravellingToTheSun", "TravellingToTheSun\TravellingToTheSun.csproj", "{2908D2DF-E70E-4BC0-8BB4-5CF48DFC57C9}"
EndProject
Project("{9A19103F-16F7-4668-BE54-9A1E7A4F7556}") = "FindFourthDigitInNumber", "FindFourthDigitInNumber\FindFourthDigitInNumber.csproj", "{0E9DBD13-6849-4756-90FD-9E75E1DAEED7}"
EndProject
Project("{9A19103F-16F7-4668-BE54-9A1E7A4F7556}") = "CalculateWeight", "CalculateWeight\CalculateWeight.csproj", "{598E6BB1-E390-452D-B487-E3094E690104}"
EndProject
Project("{9A19103F-16F7-4668-BE54-9A1E7A4F7556}") = "DecartCoordinates", "DecartCoordinates\DecartCoordinates.csproj", "{15CC397A-E4EB-4D2A-AF14-D921ACAC9679}"
EndProject
Project("{2150E333-8FDC-42A3-9474-1A3956D46DE8}") = "H1", "H1", "{95B2C819-00AE-4CD0-A5CC-0DD01491E8CD}"
EndProject
Project("{2150E333-8FDC-42A3-9474-1A3956D46DE8}") = "H2", "H2", "{FDE1562F-633D-48BB-B163-B796FC3884B8}"
EndProject
Project("{2150E333-8FDC-42A3-9474-1A3956D46DE8}") = "H3", "H3", "{B47A6988-FA1E-46DB-8703-8B25E567317C}"
EndProject
Project("{FAE04EC0-301F-11D3-BF4B-00C04F79EFBC}") = "BusTicketLuckyNumbers", "BusTicketLuckyNumbers\BusTicketLuckyNumbers.csproj", "{6DA6365F-619F-4637-8778-1E159D568AA1}"
EndProject
Project("{FAE04EC0-301F-11D3-BF4B-00C04F79EFBC}") = "MiserPiggy", "MiserPiggy\MiserPiggy.csproj", "{99DE7D4D-76E7-4497-BA66-A89E1E7DE3F9}"
EndProject
Project("{FAE04EC0-301F-11D3-BF4B-00C04F79EFBC}") = "SimpleDeckOfCards", "SimpleDeckOfCards\SimpleDeckOfCards.csproj", "{93508C14-52EB-41C6-9CE1-946B607F546B}"
EndProject
Global
	GlobalSection(SolutionConfigurationPlatforms) = preSolution
		Debug|Any CPU = Debug|Any CPU
		Release|Any CPU = Release|Any CPU
	EndGlobalSection
	GlobalSection(ProjectConfigurationPlatforms) = postSolution
		{984E7C4E-4011-432E-BC14-2BE19CB47312}.Debug|Any CPU.ActiveCfg = Debug|Any CPU
		{984E7C4E-4011-432E-BC14-2BE19CB47312}.Debug|Any CPU.Build.0 = Debug|Any CPU
		{984E7C4E-4011-432E-BC14-2BE19CB47312}.Release|Any CPU.ActiveCfg = Release|Any CPU
		{984E7C4E-4011-432E-BC14-2BE19CB47312}.Release|Any CPU.Build.0 = Release|Any CPU
		{8BA60FF8-F193-43FF-A9C1-E2FA2CB499F7}.Debug|Any CPU.ActiveCfg = Debug|Any CPU
		{8BA60FF8-F193-43FF-A9C1-E2FA2CB499F7}.Debug|Any CPU.Build.0 = Debug|Any CPU
		{8BA60FF8-F193-43FF-A9C1-E2FA2CB499F7}.Release|Any CPU.ActiveCfg = Release|Any CPU
		{8BA60FF8-F193-43FF-A9C1-E2FA2CB499F7}.Release|Any CPU.Build.0 = Release|Any CPU
		{E5176368-DFF6-4725-A559-3DE1CB631A1B}.Debug|Any CPU.ActiveCfg = Debug|Any CPU
		{E5176368-DFF6-4725-A559-3DE1CB631A1B}.Debug|Any CPU.Build.0 = Debug|Any CPU
		{E5176368-DFF6-4725-A559-3DE1CB631A1B}.Release|Any CPU.ActiveCfg = Release|Any CPU
		{E5176368-DFF6-4725-A559-3DE1CB631A1B}.Release|Any CPU.Build.0 = Release|Any CPU
		{2908D2DF-E70E-4BC0-8BB4-5CF48DFC57C9}.Debug|Any CPU.ActiveCfg = Debug|Any CPU
		{2908D2DF-E70E-4BC0-8BB4-5CF48DFC57C9}.Debug|Any CPU.Build.0 = Debug|Any CPU
		{2908D2DF-E70E-4BC0-8BB4-5CF48DFC57C9}.Release|Any CPU.ActiveCfg = Release|Any CPU
		{2908D2DF-E70E-4BC0-8BB4-5CF48DFC57C9}.Release|Any CPU.Build.0 = Release|Any CPU
		{0E9DBD13-6849-4756-90FD-9E75E1DAEED7}.Debug|Any CPU.ActiveCfg = Debug|Any CPU
		{0E9DBD13-6849-4756-90FD-9E75E1DAEED7}.Debug|Any CPU.Build.0 = Debug|Any CPU
		{0E9DBD13-6849-4756-90FD-9E75E1DAEED7}.Release|Any CPU.ActiveCfg = Release|Any CPU
		{0E9DBD13-6849-4756-90FD-9E75E1DAEED7}.Release|Any CPU.Build.0 = Release|Any CPU
		{598E6BB1-E390-452D-B487-E3094E690104}.Debug|Any CPU.ActiveCfg = Debug|Any CPU
		{598E6BB1-E390-452D-B487-E3094E690104}.Debug|Any CPU.Build.0 = Debug|Any CPU
		{598E6BB1-E390-452D-B487-E3094E690104}.Release|Any CPU.ActiveCfg = Release|Any CPU
		{598E6BB1-E390-452D-B487-E3094E690104}.Release|Any CPU.Build.0 = Release|Any CPU
		{15CC397A-E4EB-4D2A-AF14-D921ACAC9679}.Debug|Any CPU.ActiveCfg = Debug|Any CPU
		{15CC397A-E4EB-4D2A-AF14-D921ACAC9679}.Debug|Any CPU.Build.0 = Debug|Any CPU
		{15CC397A-E4EB-4D2A-AF14-D921ACAC9679}.Release|Any CPU.ActiveCfg = Release|Any CPU
		{15CC397A-E4EB-4D2A-AF14-D921ACAC9679}.Release|Any CPU.Build.0 = Release|Any CPU
		{6DA6365F-619F-4637-8778-1E159D568AA1}.Debug|Any CPU.ActiveCfg = Debug|Any CPU
		{6DA6365F-619F-4637-8778-1E159D568AA1}.Debug|Any CPU.Build.0 = Debug|Any CPU
		{6DA6365F-619F-4637-8778-1E159D568AA1}.Release|Any CPU.ActiveCfg = Release|Any CPU
		{6DA6365F-619F-4637-8778-1E159D568AA1}.Release|Any CPU.Build.0 = Release|Any CPU
		{99DE7D4D-76E7-4497-BA66-A89E1E7DE3F9}.Debug|Any CPU.ActiveCfg = Debug|Any CPU
		{99DE7D4D-76E7-4497-BA66-A89E1E7DE3F9}.Debug|Any CPU.Build.0 = Debug|Any CPU
		{99DE7D4D-76E7-4497-BA66-A89E1E7DE3F9}.Release|Any CPU.ActiveCfg = Release|Any CPU
		{99DE7D4D-76E7-4497-BA66-A89E1E7DE3F9}.Release|Any CPU.Build.0 = Release|Any CPU
		{93508C14-52EB-41C6-9CE1-946B607F546B}.Debug|Any CPU.ActiveCfg = Debug|Any CPU
		{93508C14-52EB-41C6-9CE1-946B607F546B}.Debug|Any CPU.Build.0 = Debug|Any CPU
		{93508C14-52EB-41C6-9CE1-946B607F546B}.Release|Any CPU.ActiveCfg = Release|Any CPU
		{93508C14-52EB-41C6-9CE1-946B607F546B}.Release|Any CPU.Build.0 = Release|Any CPU
	EndGlobalSection
	GlobalSection(SolutionProperties) = preSolution
		HideSolutionNode = FALSE
	EndGlobalSection
	GlobalSection(NestedProjects) = preSolution
		{984E7C4E-4011-432E-BC14-2BE19CB47312} = {95B2C819-00AE-4CD0-A5CC-0DD01491E8CD}
		{8BA60FF8-F193-43FF-A9C1-E2FA2CB499F7} = {95B2C819-00AE-4CD0-A5CC-0DD01491E8CD}
		{E5176368-DFF6-4725-A559-3DE1CB631A1B} = {95B2C819-00AE-4CD0-A5CC-0DD01491E8CD}
		{2908D2DF-E70E-4BC0-8BB4-5CF48DFC57C9} = {FDE1562F-633D-48BB-B163-B796FC3884B8}
		{0E9DBD13-6849-4756-90FD-9E75E1DAEED7} = {FDE1562F-633D-48BB-B163-B796FC3884B8}
		{598E6BB1-E390-452D-B487-E3094E690104} = {FDE1562F-633D-48BB-B163-B796FC3884B8}
		{15CC397A-E4EB-4D2A-AF14-D921ACAC9679} = {FDE1562F-633D-48BB-B163-B796FC3884B8}
		{6DA6365F-619F-4637-8778-1E159D568AA1} = {B47A6988-FA1E-46DB-8703-8B25E567317C}
		{99DE7D4D-76E7-4497-BA66-A89E1E7DE3F9} = {B47A6988-FA1E-46DB-8703-8B25E567317C}
		{93508C14-52EB-41C6-9CE1-946B607F546B} = {B47A6988-FA1E-46DB-8703-8B25E567317C}
	EndGlobalSection
	GlobalSection(ExtensibilityGlobals) = postSolution
		SolutionGuid = {1C4CD77E-1573-464A-B737-47FE4D2378E2}
	EndGlobalSection
EndGlobal
